
Microsoft Visual Studio Solution File, Format Version 12.00
# Visual Studio 15
VisualStudioVersion = 15.0.28010.2026
MinimumVisualStudioVersion = 10.0.40219.1
Project("{FAE04EC0-301F-11D3-BF4B-00C04F79EFBC}") = "GraMonolitycznie", "GraMonolitycznie\GraMonolitycznie.csproj", "{14DE7D61-9AED-46A9-B304-6C7D880004DF}"
EndProject
Global
	GlobalSection(SolutionConfigurationPlatforms) = preSolution
		Debug|Any CPU = Debug|Any CPU
		Release|Any CPU = Release|Any CPU
	EndGlobalSection
	GlobalSection(ProjectConfigurationPlatforms) = postSolution
		{14DE7D61-9AED-46A9-B304-6C7D880004DF}.Debug|Any CPU.ActiveCfg = Debug|Any CPU
		{14DE7D61-9AED-46A9-B304-6C7D880004DF}.Debug|Any CPU.Build.0 = Debug|Any CPU
		{14DE7D61-9AED-46A9-B304-6C7D880004DF}.Release|Any CPU.ActiveCfg = Release|Any CPU
		{14DE7D61-9AED-46A9-B304-6C7D880004DF}.Release|Any CPU.Build.0 = Release|Any CPU
	EndGlobalSection
	GlobalSection(SolutionProperties) = preSolution
		HideSolutionNode = FALSE
	EndGlobalSection
	GlobalSection(ExtensibilityGlobals) = postSolution
		SolutionGuid = {2216B0E6-4986-45C9-8913-3E85F4FB0D4D}
	EndGlobalSection
EndGlobal
